{
  "name": "gbit-db-dados",
  "version": "1.0.0",
  "lockfileVersion": 3,
  "requires": true,
  "packages": {
    "": {
      "name": "gbit-db-dados",
      "version": "1.0.0",
      "license": "MIT",
      "bin": {
        "gbit-db-dados": "bin/gbit-db-dados.js"
      },
      "devDependencies": {},
      "engines": {
        "node": ">=16.0.0"
      }
    }
  }
}
